PODS:
  - NDLog (0.0.6.1):
    - NDLog/Swift (= 0.0.6.1)
  - NDLog/Core (0.0.6.1)
  - NDLog/ObjC (0.0.6.1):
    - NDLog/Core
  - NDLog/Swift (0.0.6.1):
    - NDLog/Core
  - NDManualObjects/Abstracts (0.0.8):
    - NDLog (~> 0.0.6)
    - NDManualObjects/Core
    - NDUtils/objc (~> 0.0.5)
  - NDManualObjects/Core (0.0.8):
    - NDLog (~> 0.0.6)
    - NDUtils/objc (~> 0.0.5)
  - NDManualObjects/ObjC (0.0.8):
    - NDLog (~> 0.0.6)
    - NDManualObjects/Abstracts
    - NDManualObjects/Core
    - NDManualObjects/Objects
    - NDUtils/objc (~> 0.0.5)
  - NDManualObjects/Objects (0.0.8):
    - NDLog (~> 0.0.6)
    - NDManualObjects/Abstracts
    - NDUtils/objc (~> 0.0.5)
  - NDMVVM (0.0.4):
    - NDMVVM/Swift (= 0.0.4)
  - NDMVVM/Abstracts (0.0.4):
    - NDLog/ObjC (~> 0.0.6)
    - NDMVVM/Core
    - NDUtils/objc (~> 0.0.5)
  - NDMVVM/Abstracts_Swift (0.0.4):
    - NDMVVM/Abstracts
  - NDMVVM/Core (0.0.4)
  - NDMVVM/ObjC (0.0.4):
    - NDMVVM/Abstracts
    - NDMVVM/Core
    - NDMVVM/ViewModels
    - NDMVVM/Views
  - NDMVVM/Swift (0.0.4):
    - NDMVVM/Abstracts_Swift
    - NDMVVM/ObjC
  - NDMVVM/ViewModels (0.0.4):
    - NDLog/ObjC (~> 0.0.6)
    - NDMVVM/Abstracts
    - NDUtils/objc (~> 0.0.5)
  - NDMVVM/Views (0.0.4):
    - NDLog/ObjC (~> 0.0.6)
    - NDManualObjects/ObjC (~> 0.0.8)
    - NDMVVM/Abstracts
    - NDUtils/objc (~> 0.0.5)
  - NDUtils/Core (0.0.5)
  - NDUtils/objc (0.0.5):
    - NDLog (~> 0.0.6)
    - NDUtils/Core

DEPENDENCIES:
  - NDMVVM (from `.`)

SPEC REPOS:
  trunk:
    - NDLog
    - NDManualObjects
    - NDUtils

EXTERNAL SOURCES:
  NDMVVM:
    :path: "."

SPEC CHECKSUMS:
  NDLog: 1e996efb979679f547dcf729a955fe92577ed2c5
  NDManualObjects: 238cf28c9a73c20552d3ed721da8b1a12f7e097f
  NDMVVM: 679ea49e940e6b39490e510d8ab4a491a8bf9899
  NDUtils: 1a72e3cfd4f1510b261999c0f26f17648c033ac9

PODFILE CHECKSUM: 3030df34bd4a03cb52d8dee286a97ba244eb6599

COCOAPODS: 1.9.3
