// !$*UTF8*$!
{
	archiveVersion = 1;
	classes = {
	};
	objectVersion = 51;
	objects = {

/* Begin PBXBuildFile section */
		11EF521B8B4A6FA21AA03AE4 /* Pods_Samples.framework in Frameworks */ = {isa = PBXBuildFile; fileRef = 2D1C8E5ADE8FEAD38291BE0A /* Pods_Samples.framework */; };
		65B067A77F786076D6572E5A /* Pods_SamplesTests.framework in Frameworks */ = {isa = PBXBuildFile; fileRef = 2DBC19A40039F1F906A9F78F /* Pods_SamplesTests.framework */; };
		BA2131642559419D0001ADC8 /* AppDelegate.swift in Sources */ = {isa = PBXBuildFile; fileRef = BA2131632559419D0001ADC8 /* AppDelegate.swift */; };
		BA2131662559419D0001ADC8 /* SceneDelegate.swift in Sources */ = {isa = PBXBuildFile; fileRef = BA2131652559419D0001ADC8 /* SceneDelegate.swift */; };
		BA2131682559419D0001ADC8 /* ViewController.swift in Sources */ = {isa = PBXBuildFile; fileRef = BA2131672559419D0001ADC8 /* ViewController.swift */; };
		BA21316B2559419D0001ADC8 /* Main.storyboard in Resources */ = {isa = PBXBuildFile; fileRef = BA2131692559419D0001ADC8 /* Main.storyboard */; };
		BA21316D2559419F0001ADC8 /* Assets.xcassets in Resources */ = {isa = PBXBuildFile; fileRef = BA21316C2559419F0001ADC8 /* Assets.xcassets */; };
		BA2131702559419F0001ADC8 /* LaunchScreen.storyboard in Resources */ = {isa = PBXBuildFile; fileRef = BA21316E2559419F0001ADC8 /* LaunchScreen.storyboard */; };
		BA21317B2559419F0001ADC8 /* SamplesTests.swift in Sources */ = {isa = PBXBuildFile; fileRef = BA21317A2559419F0001ADC8 /* SamplesTests.swift */; };
		BA2131862559419F0001ADC8 /* SamplesUITests.swift in Sources */ = {isa = PBXBuildFile; fileRef = BA2131852559419F0001ADC8 /* SamplesUITests.swift */; };
		BA21329125594E760001ADC8 /* NDMVVMTests.mm in Sources */ = {isa = PBXBuildFile; fileRef = BA21328F25594E760001ADC8 /* NDMVVMTests.mm */; };
		BA21329225594E760001ADC8 /* NDMutableListViewModelHelperTests.mm in Sources */ = {isa = PBXBuildFile; fileRef = BA21329025594E760001ADC8 /* NDMutableListViewModelHelperTests.mm */; };
		C544B7EC5E6C2503A2E42E66 /* Pods_Samples_SamplesUITests.framework in Frameworks */ = {isa = PBXBuildFile; fileRef = 877A5E77554D687569CA6032 /* Pods_Samples_SamplesUITests.framework */; };
/* End PBXBuildFile section */

/* Begin PBXContainerItemProxy section */
		BA2131772559419F0001ADC8 /* PBXContainerItemProxy */ = {
			isa = PBXContainerItemProxy;
			containerPortal = BA2131582559419D0001ADC8 /* Project object */;
			proxyType = 1;
			remoteGlobalIDString = BA21315F2559419D0001ADC8;
			remoteInfo = Samples;
		};
		BA2131822559419F0001ADC8 /* PBXContainerItemProxy */ = {
			isa = PBXContainerItemProxy;
			containerPortal = BA2131582559419D0001ADC8 /* Project object */;
			proxyType = 1;
			remoteGlobalIDString = BA21315F2559419D0001ADC8;
			remoteInfo = Samples;
		};
/* End PBXContainerItemProxy section */

/* Begin PBXFileReference section */
		2D1C8E5ADE8FEAD38291BE0A /* Pods_Samples.framework */ = {isa = PBXFileReference; explicitFileType = wrapper.framework; includeInIndex = 0; path = Pods_Samples.framework; sourceTree = BUILT_PRODUCTS_DIR; };
		2DBC19A40039F1F906A9F78F /* Pods_SamplesTests.framework */ = {isa = PBXFileReference; explicitFileType = wrapper.framework; includeInIndex = 0; path = Pods_SamplesTests.framework; sourceTree = BUILT_PRODUCTS_DIR; };
		2F485D238C8A3FB5144F0242 /* Pods-Samples.debug.xcconfig */ = {isa = PBXFileReference; includeInIndex = 1; lastKnownFileType = text.xcconfig; name = "Pods-Samples.debug.xcconfig"; path = "Target Support Files/Pods-Samples/Pods-Samples.debug.xcconfig"; sourceTree = "<group>"; };
		656B1C09796FFA400C3A4DFB /* Pods-Samples-SamplesUITests.debug.xcconfig */ = {isa = PBXFileReference; includeInIndex = 1; lastKnownFileType = text.xcconfig; name = "Pods-Samples-SamplesUITests.debug.xcconfig"; path = "Target Support Files/Pods-Samples-SamplesUITests/Pods-Samples-SamplesUITests.debug.xcconfig"; sourceTree = "<group>"; };
		877A5E77554D687569CA6032 /* Pods_Samples_SamplesUITests.framework */ = {isa = PBXFileReference; explicitFileType = wrapper.framework; includeInIndex = 0; path = Pods_Samples_SamplesUITests.framework; sourceTree = BUILT_PRODUCTS_DIR; };
		8C6E85DA0BF3CD3074F55437 /* Pods-SamplesTests.debug.xcconfig */ = {isa = PBXFileReference; includeInIndex = 1; lastKnownFileType = text.xcconfig; name = "Pods-SamplesTests.debug.xcconfig"; path = "Target Support Files/Pods-SamplesTests/Pods-SamplesTests.debug.xcconfig"; sourceTree = "<group>"; };
		ABAF7C007F46141E9FBE6D06 /* Pods-Samples-SamplesUITests.release.xcconfig */ = {isa = PBXFileReference; includeInIndex = 1; lastKnownFileType = text.xcconfig; name = "Pods-Samples-SamplesUITests.release.xcconfig"; path = "Target Support Files/Pods-Samples-SamplesUITests/Pods-Samples-SamplesUITests.release.xcconfig"; sourceTree = "<group>"; };
		B1AAD35F8B89EAB6530DDBB3 /* Pods-SamplesTests.release.xcconfig */ = {isa = PBXFileReference; includeInIndex = 1; lastKnownFileType = text.xcconfig; name = "Pods-SamplesTests.release.xcconfig"; path = "Target Support Files/Pods-SamplesTests/Pods-SamplesTests.release.xcconfig"; sourceTree = "<group>"; };
		BA2131602559419D0001ADC8 /* Samples.app */ = {isa = PBXFileReference; explicitFileType = wrapper.application; includeInIndex = 0; path = Samples.app; sourceTree = BUILT_PRODUCTS_DIR; };
		BA2131632559419D0001ADC8 /* AppDelegate.swift */ = {isa = PBXFileReference; lastKnownFileType = sourcecode.swift; path = AppDelegate.swift; sourceTree = "<group>"; };
		BA2131652559419D0001ADC8 /* SceneDelegate.swift */ = {isa = PBXFileReference; lastKnownFileType = sourcecode.swift; path = SceneDelegate.swift; sourceTree = "<group>"; };
		BA2131672559419D0001ADC8 /* ViewController.swift */ = {isa = PBXFileReference; lastKnownFileType = sourcecode.swift; path = ViewController.swift; sourceTree = "<group>"; };
		BA21316A2559419D0001ADC8 /* Base */ = {isa = PBXFileReference; lastKnownFileType = file.storyboard; name = Base; path = Base.lproj/Main.storyboard; sourceTree = "<group>"; };
		BA21316C2559419F0001ADC8 /* Assets.xcassets */ = {isa = PBXFileReference; lastKnownFileType = folder.assetcatalog; path = Assets.xcassets; sourceTree = "<group>"; };
		BA21316F2559419F0001ADC8 /* Base */ = {isa = PBXFileReference; lastKnownFileType = file.storyboard; name = Base; path = Base.lproj/LaunchScreen.storyboard; sourceTree = "<group>"; };
		BA2131712559419F0001ADC8 /* Info.plist */ = {isa = PBXFileReference; lastKnownFileType = text.plist.xml; path = Info.plist; sourceTree = "<group>"; };
		BA2131762559419F0001ADC8 /* SamplesTests.xctest */ = {isa = PBXFileReference; explicitFileType = wrapper.cfbundle; includeInIndex = 0; path = SamplesTests.xctest; sourceTree = BUILT_PRODUCTS_DIR; };
		BA21317A2559419F0001ADC8 /* SamplesTests.swift */ = {isa = PBXFileReference; lastKnownFileType = sourcecode.swift; path = SamplesTests.swift; sourceTree = "<group>"; };
		BA21317C2559419F0001ADC8 /* Info.plist */ = {isa = PBXFileReference; lastKnownFileType = text.plist.xml; path = Info.plist; sourceTree = "<group>"; };
		BA2131812559419F0001ADC8 /* SamplesUITests.xctest */ = {isa = PBXFileReference; explicitFileType = wrapper.cfbundle; includeInIndex = 0; path = SamplesUITests.xctest; sourceTree = BUILT_PRODUCTS_DIR; };
		BA2131852559419F0001ADC8 /* SamplesUITests.swift */ = {isa = PBXFileReference; lastKnownFileType = sourcecode.swift; path = SamplesUITests.swift; sourceTree = "<group>"; };
		BA2131872559419F0001ADC8 /* Info.plist */ = {isa = PBXFileReference; lastKnownFileType = text.plist.xml; path = Info.plist; sourceTree = "<group>"; };
		BA21319E2559433D0001ADC8 /* .swiftlint.yml */ = {isa = PBXFileReference; lastKnownFileType = text.yaml; path = .swiftlint.yml; sourceTree = "<group>"; };
		BA2131A1255943C40001ADC8 /* clang-format.sh */ = {isa = PBXFileReference; lastKnownFileType = text.script.sh; path = "clang-format.sh"; sourceTree = "<group>"; };
		BA2131A2255943C40001ADC8 /* swiftlint.sh */ = {isa = PBXFileReference; lastKnownFileType = text.script.sh; path = swiftlint.sh; sourceTree = "<group>"; };
		BA21327725594E390001ADC8 /* SamplesTests-Bridging-Header.h */ = {isa = PBXFileReference; lastKnownFileType = sourcecode.c.h; path = "SamplesTests-Bridging-Header.h"; sourceTree = "<group>"; };
		BA21328F25594E760001ADC8 /* NDMVVMTests.mm */ = {isa = PBXFileReference; fileEncoding = 4; lastKnownFileType = sourcecode.cpp.objcpp; path = NDMVVMTests.mm; sourceTree = "<group>"; };
		BA21329025594E760001ADC8 /* NDMutableListViewModelHelperTests.mm */ = {isa = PBXFileReference; fileEncoding = 4; lastKnownFileType = sourcecode.cpp.objcpp; path = NDMutableListViewModelHelperTests.mm; sourceTree = "<group>"; };
		CF68693D96002EF4B4A69E85 /* Pods-Samples.release.xcconfig */ = {isa = PBXFileReference; includeInIndex = 1; lastKnownFileType = text.xcconfig; name = "Pods-Samples.release.xcconfig"; path = "Target Support Files/Pods-Samples/Pods-Samples.release.xcconfig"; sourceTree = "<group>"; };
/* End PBXFileReference section */

/* Begin PBXFrameworksBuildPhase section */
		BA21315D2559419D0001ADC8 /* Frameworks */ = {
			isa = PBXFrameworksBuildPhase;
			buildActionMask = 2147483647;
			files = (
				11EF521B8B4A6FA21AA03AE4 /* Pods_Samples.framework in Frameworks */,
			);
			runOnlyForDeploymentPostprocessing = 0;
		};
		BA2131732559419F0001ADC8 /* Frameworks */ = {
			isa = PBXFrameworksBuildPhase;
			buildActionMask = 2147483647;
			files = (
				65B067A77F786076D6572E5A /* Pods_SamplesTests.framework in Frameworks */,
			);
			runOnlyForDeploymentPostprocessing = 0;
		};
		BA21317E2559419F0001ADC8 /* Frameworks */ = {
			isa = PBXFrameworksBuildPhase;
			buildActionMask = 2147483647;
			files = (
				C544B7EC5E6C2503A2E42E66 /* Pods_Samples_SamplesUITests.framework in Frameworks */,
			);
			runOnlyForDeploymentPostprocessing = 0;
		};
/* End PBXFrameworksBuildPhase section */

/* Begin PBXGroup section */
		28546C0F882BCF03BE5BED00 /* Pods */ = {
			isa = PBXGroup;
			children = (
				2F485D238C8A3FB5144F0242 /* Pods-Samples.debug.xcconfig */,
				CF68693D96002EF4B4A69E85 /* Pods-Samples.release.xcconfig */,
				656B1C09796FFA400C3A4DFB /* Pods-Samples-SamplesUITests.debug.xcconfig */,
				ABAF7C007F46141E9FBE6D06 /* Pods-Samples-SamplesUITests.release.xcconfig */,
				8C6E85DA0BF3CD3074F55437 /* Pods-SamplesTests.debug.xcconfig */,
				B1AAD35F8B89EAB6530DDBB3 /* Pods-SamplesTests.release.xcconfig */,
			);
			path = Pods;
			sourceTree = "<group>";
		};
		611C55F372BEA78383963EAF /* Frameworks */ = {
			isa = PBXGroup;
			children = (
				2D1C8E5ADE8FEAD38291BE0A /* Pods_Samples.framework */,
				877A5E77554D687569CA6032 /* Pods_Samples_SamplesUITests.framework */,
				2DBC19A40039F1F906A9F78F /* Pods_SamplesTests.framework */,
			);
			name = Frameworks;
			sourceTree = "<group>";
		};
		BA2131572559419D0001ADC8 = {
			isa = PBXGroup;
			children = (
				BA21319D2559432E0001ADC8 /* Configs */,
				BA2131622559419D0001ADC8 /* Samples */,
				BA2131792559419F0001ADC8 /* SamplesTests */,
				BA2131842559419F0001ADC8 /* SamplesUITests */,
				BA2131612559419D0001ADC8 /* Products */,
				28546C0F882BCF03BE5BED00 /* Pods */,
				611C55F372BEA78383963EAF /* Frameworks */,
			);
			sourceTree = "<group>";
		};
		BA2131612559419D0001ADC8 /* Products */ = {
			isa = PBXGroup;
			children = (
				BA2131602559419D0001ADC8 /* Samples.app */,
				BA2131762559419F0001ADC8 /* SamplesTests.xctest */,
				BA2131812559419F0001ADC8 /* SamplesUITests.xctest */,
			);
			name = Products;
			sourceTree = "<group>";
		};
		BA2131622559419D0001ADC8 /* Samples */ = {
			isa = PBXGroup;
			children = (
				BA2131632559419D0001ADC8 /* AppDelegate.swift */,
				BA2131652559419D0001ADC8 /* SceneDelegate.swift */,
				BA2131672559419D0001ADC8 /* ViewController.swift */,
				BA2131692559419D0001ADC8 /* Main.storyboard */,
				BA21316C2559419F0001ADC8 /* Assets.xcassets */,
				BA21316E2559419F0001ADC8 /* LaunchScreen.storyboard */,
				BA2131712559419F0001ADC8 /* Info.plist */,
			);
			path = Samples;
			sourceTree = "<group>";
		};
		BA2131792559419F0001ADC8 /* SamplesTests */ = {
			isa = PBXGroup;
			children = (
				BA21317A2559419F0001ADC8 /* SamplesTests.swift */,
				BA21329025594E760001ADC8 /* NDMutableListViewModelHelperTests.mm */,
				BA21328F25594E760001ADC8 /* NDMVVMTests.mm */,
				BA21317C2559419F0001ADC8 /* Info.plist */,
				BA21327725594E390001ADC8 /* SamplesTests-Bridging-Header.h */,
			);
			path = SamplesTests;
			sourceTree = "<group>";
		};
		BA2131842559419F0001ADC8 /* SamplesUITests */ = {
			isa = PBXGroup;
			children = (
				BA2131852559419F0001ADC8 /* SamplesUITests.swift */,
				BA2131872559419F0001ADC8 /* Info.plist */,
			);
			path = SamplesUITests;
			sourceTree = "<group>";
		};
		BA21319D2559432E0001ADC8 /* Configs */ = {
			isa = PBXGroup;
			children = (
				BA21319E2559433D0001ADC8 /* .swiftlint.yml */,
				BA2131A1255943C40001ADC8 /* clang-format.sh */,
				BA2131A2255943C40001ADC8 /* swiftlint.sh */,
			);
			name = Configs;
			sourceTree = "<group>";
		};
/* End PBXGroup section */

/* Begin PBXNativeTarget section */
		BA21315F2559419D0001ADC8 /* Samples */ = {
			isa = PBXNativeTarget;
			buildConfigurationList = BA21318A2559419F0001ADC8 /* Build configuration list for PBXNativeTarget "Samples" */;
			buildPhases = (
				BBE36E58EA472AEB56087F03 /* [CP] Check Pods Manifest.lock */,
				BA21319F255943450001ADC8 /* ClangFormat */,
				BA2131A02559434D0001ADC8 /* SwiftLint */,
				BA21315C2559419D0001ADC8 /* Sources */,
				BA21315D2559419D0001ADC8 /* Frameworks */,
				BA21315E2559419D0001ADC8 /* Resources */,
				15CCEBFDCC90AD96CDDE679C /* [CP] Embed Pods Frameworks */,
			);
			buildRules = (
			);
			dependencies = (
			);
			name = Samples;
			productName = Samples;
			productReference = BA2131602559419D0001ADC8 /* Samples.app */;
			productType = "com.apple.product-type.application";
		};
		BA2131752559419F0001ADC8 /* SamplesTests */ = {
			isa = PBXNativeTarget;
			buildConfigurationList = BA21318D2559419F0001ADC8 /* Build configuration list for PBXNativeTarget "SamplesTests" */;
			buildPhases = (
				BD5C6F64D738CABD72FA08CD /* [CP] Check Pods Manifest.lock */,
				BA2131722559419F0001ADC8 /* Sources */,
				BA2131732559419F0001ADC8 /* Frameworks */,
				BA2131742559419F0001ADC8 /* Resources */,
				5A77DD450172EA6E710E951E /* [CP] Embed Pods Frameworks */,
			);
			buildRules = (
			);
			dependencies = (
				BA2131782559419F0001ADC8 /* PBXTargetDependency */,
			);
			name = SamplesTests;
			productName = SamplesTests;
			productReference = BA2131762559419F0001ADC8 /* SamplesTests.xctest */;
			productType = "com.apple.product-type.bundle.unit-test";
		};
		BA2131802559419F0001ADC8 /* SamplesUITests */ = {
			isa = PBXNativeTarget;
			buildConfigurationList = BA2131902559419F0001ADC8 /* Build configuration list for PBXNativeTarget "SamplesUITests" */;
			buildPhases = (
				AE7F3F615C1B6551F8C6A491 /* [CP] Check Pods Manifest.lock */,
				BA21317D2559419F0001ADC8 /* Sources */,
				BA21317E2559419F0001ADC8 /* Frameworks */,
				BA21317F2559419F0001ADC8 /* Resources */,
				3118D1B799099DA05AD78751 /* [CP] Embed Pods Frameworks */,
			);
			buildRules = (
			);
			dependencies = (
				BA2131832559419F0001ADC8 /* PBXTargetDependency */,
			);
			name = SamplesUITests;
			productName = SamplesUITests;
			productReference = BA2131812559419F0001ADC8 /* SamplesUITests.xctest */;
			productType = "com.apple.product-type.bundle.ui-testing";
		};
/* End PBXNativeTarget section */

/* Begin PBXProject section */
		BA2131582559419D0001ADC8 /* Project object */ = {
			isa = PBXProject;
			attributes = {
				LastSwiftUpdateCheck = 1210;
				LastUpgradeCheck = 1210;
				TargetAttributes = {
					BA21315F2559419D0001ADC8 = {
						CreatedOnToolsVersion = 12.1;
					};
					BA2131752559419F0001ADC8 = {
						CreatedOnToolsVersion = 12.1;
						LastSwiftMigration = 1210;
						TestTargetID = BA21315F2559419D0001ADC8;
					};
					BA2131802559419F0001ADC8 = {
						CreatedOnToolsVersion = 12.1;
						TestTargetID = BA21315F2559419D0001ADC8;
					};
				};
			};
			buildConfigurationList = BA21315B2559419D0001ADC8 /* Build configuration list for PBXProject "Samples" */;
			compatibilityVersion = "Xcode 9.3";
			developmentRegion = en;
			hasScannedForEncodings = 0;
			knownRegions = (
				en,
				Base,
			);
			mainGroup = BA2131572559419D0001ADC8;
			productRefGroup = BA2131612559419D0001ADC8 /* Products */;
			projectDirPath = "";
			projectRoot = "";
			targets = (
				BA21315F2559419D0001ADC8 /* Samples */,
				BA2131752559419F0001ADC8 /* SamplesTests */,
				BA2131802559419F0001ADC8 /* SamplesUITests */,
			);
		};
/* End PBXProject section */

/* Begin PBXResourcesBuildPhase section */
		BA21315E2559419D0001ADC8 /* Resources */ = {
			isa = PBXResourcesBuildPhase;
			buildActionMask = 2147483647;
			files = (
				BA2131702559419F0001ADC8 /* LaunchScreen.storyboard in Resources */,
				BA21316D2559419F0001ADC8 /* Assets.xcassets in Resources */,
				BA21316B2559419D0001ADC8 /* Main.storyboard in Resources */,
			);
			runOnlyForDeploymentPostprocessing = 0;
		};
		BA2131742559419F0001ADC8 /* Resources */ = {
			isa = PBXResourcesBuildPhase;
			buildActionMask = 2147483647;
			files = (
			);
			runOnlyForDeploymentPostprocessing = 0;
		};
		BA21317F2559419F0001ADC8 /* Resources */ = {
			isa = PBXResourcesBuildPhase;
			buildActionMask = 2147483647;
			files = (
			);
			runOnlyForDeploymentPostprocessing = 0;
		};
/* End PBXResourcesBuildPhase section */

/* Begin PBXShellScriptBuildPhase section */
		15CCEBFDCC90AD96CDDE679C /* [CP] Embed Pods Frameworks */ = {
			isa = PBXShellScriptBuildPhase;
			buildActionMask = 2147483647;
			files = (
			);
			inputFileListPaths = (
				"${PODS_ROOT}/Target Support Files/Pods-Samples/Pods-Samples-frameworks-${CONFIGURATION}-input-files.xcfilelist",
			);
			name = "[CP] Embed Pods Frameworks";
			outputFileListPaths = (
				"${PODS_ROOT}/Target Support Files/Pods-Samples/Pods-Samples-frameworks-${CONFIGURATION}-output-files.xcfilelist",
			);
			runOnlyForDeploymentPostprocessing = 0;
			shellPath = /bin/sh;
			shellScript = "\"${PODS_ROOT}/Target Support Files/Pods-Samples/Pods-Samples-frameworks.sh\"\n";
			showEnvVarsInLog = 0;
		};
		3118D1B799099DA05AD78751 /* [CP] Embed Pods Frameworks */ = {
			isa = PBXShellScriptBuildPhase;
			buildActionMask = 2147483647;
			files = (
			);
			inputFileListPaths = (
				"${PODS_ROOT}/Target Support Files/Pods-Samples-SamplesUITests/Pods-Samples-SamplesUITests-frameworks-${CONFIGURATION}-input-files.xcfilelist",
			);
			name = "[CP] Embed Pods Frameworks";
			outputFileListPaths = (
				"${PODS_ROOT}/Target Support Files/Pods-Samples-SamplesUITests/Pods-Samples-SamplesUITests-frameworks-${CONFIGURATION}-output-files.xcfilelist",
			);
			runOnlyForDeploymentPostprocessing = 0;
			shellPath = /bin/sh;
			shellScript = "\"${PODS_ROOT}/Target Support Files/Pods-Samples-SamplesUITests/Pods-Samples-SamplesUITests-frameworks.sh\"\n";
			showEnvVarsInLog = 0;
		};
		5A77DD450172EA6E710E951E /* [CP] Embed Pods Frameworks */ = {
			isa = PBXShellScriptBuildPhase;
			buildActionMask = 2147483647;
			files = (
			);
			inputFileListPaths = (
				"${PODS_ROOT}/Target Support Files/Pods-SamplesTests/Pods-SamplesTests-frameworks-${CONFIGURATION}-input-files.xcfilelist",
			);
			name = "[CP] Embed Pods Frameworks";
			outputFileListPaths = (
				"${PODS_ROOT}/Target Support Files/Pods-SamplesTests/Pods-SamplesTests-frameworks-${CONFIGURATION}-output-files.xcfilelist",
			);
			runOnlyForDeploymentPostprocessing = 0;
			shellPath = /bin/sh;
			shellScript = "\"${PODS_ROOT}/Target Support Files/Pods-SamplesTests/Pods-SamplesTests-frameworks.sh\"\n";
			showEnvVarsInLog = 0;
		};
		AE7F3F615C1B6551F8C6A491 /* [CP] Check Pods Manifest.lock */ = {
			isa = PBXShellScriptBuildPhase;
			buildActionMask = 2147483647;
			files = (
			);
			inputFileListPaths = (
			);
			inputPaths = (
				"${PODS_PODFILE_DIR_PATH}/Podfile.lock",
				"${PODS_ROOT}/Manifest.lock",
			);
			name = "[CP] Check Pods Manifest.lock";
			outputFileListPaths = (
			);
			outputPaths = (
				"$(DERIVED_FILE_DIR)/Pods-Samples-SamplesUITests-checkManifestLockResult.txt",
			);
			runOnlyForDeploymentPostprocessing = 0;
			shellPath = /bin/sh;
			shellScript = "diff \"${PODS_PODFILE_DIR_PATH}/Podfile.lock\" \"${PODS_ROOT}/Manifest.lock\" > /dev/null\nif [ $? != 0 ] ; then\n    # print error to STDERR\n    echo \"error: The sandbox is not in sync with the Podfile.lock. Run 'pod install' or update your CocoaPods installation.\" >&2\n    exit 1\nfi\n# This output is used by Xcode 'outputs' to avoid re-running this script phase.\necho \"SUCCESS\" > \"${SCRIPT_OUTPUT_FILE_0}\"\n";
			showEnvVarsInLog = 0;
		};
		BA21319F255943450001ADC8 /* ClangFormat */ = {
			isa = PBXShellScriptBuildPhase;
			buildActionMask = 2147483647;
			files = (
			);
			inputFileListPaths = (
			);
			inputPaths = (
			);
			name = ClangFormat;
			outputFileListPaths = (
			);
			outputPaths = (
			);
			runOnlyForDeploymentPostprocessing = 0;
			shellPath = /bin/sh;
			shellScript = "./clang-format.sh\n";
		};
		BA2131A02559434D0001ADC8 /* SwiftLint */ = {
			isa = PBXShellScriptBuildPhase;
			buildActionMask = 2147483647;
			files = (
			);
			inputFileListPaths = (
			);
			inputPaths = (
			);
			name = SwiftLint;
			outputFileListPaths = (
			);
			outputPaths = (
			);
			runOnlyForDeploymentPostprocessing = 0;
			shellPath = /bin/sh;
			shellScript = "./swiftlint.sh\n";
		};
		BBE36E58EA472AEB56087F03 /* [CP] Check Pods Manifest.lock */ = {
			isa = PBXShellScriptBuildPhase;
			buildActionMask = 2147483647;
			files = (
			);
			inputFileListPaths = (
			);
			inputPaths = (
				"${PODS_PODFILE_DIR_PATH}/Podfile.lock",
				"${PODS_ROOT}/Manifest.lock",
			);
			name = "[CP] Check Pods Manifest.lock";
			outputFileListPaths = (
			);
			outputPaths = (
				"$(DERIVED_FILE_DIR)/Pods-Samples-checkManifestLockResult.txt",
			);
			runOnlyForDeploymentPostprocessing = 0;
			shellPath = /bin/sh;
			shellScript = "diff \"${PODS_PODFILE_DIR_PATH}/Podfile.lock\" \"${PODS_ROOT}/Manifest.lock\" > /dev/null\nif [ $? != 0 ] ; then\n    # print error to STDERR\n    echo \"error: The sandbox is not in sync with the Podfile.lock. Run 'pod install' or update your CocoaPods installation.\" >&2\n    exit 1\nfi\n# This output is used by Xcode 'outputs' to avoid re-running this script phase.\necho \"SUCCESS\" > \"${SCRIPT_OUTPUT_FILE_0}\"\n";
			showEnvVarsInLog = 0;
		};
		BD5C6F64D738CABD72FA08CD /* [CP] Check Pods Manifest.lock */ = {
			isa = PBXShellScriptBuildPhase;
			buildActionMask = 2147483647;
			files = (
			);
			inputFileListPaths = (
			);
			inputPaths = (
				"${PODS_PODFILE_DIR_PATH}/Podfile.lock",
				"${PODS_ROOT}/Manifest.lock",
			);
			name = "[CP] Check Pods Manifest.lock";
			outputFileListPaths = (
			);
			outputPaths = (
				"$(DERIVED_FILE_DIR)/Pods-SamplesTests-checkManifestLockResult.txt",
			);
			runOnlyForDeploymentPostprocessing = 0;
			shellPath = /bin/sh;
			shellScript = "diff \"${PODS_PODFILE_DIR_PATH}/Podfile.lock\" \"${PODS_ROOT}/Manifest.lock\" > /dev/null\nif [ $? != 0 ] ; then\n    # print error to STDERR\n    echo \"error: The sandbox is not in sync with the Podfile.lock. Run 'pod install' or update your CocoaPods installation.\" >&2\n    exit 1\nfi\n# This output is used by Xcode 'outputs' to avoid re-running this script phase.\necho \"SUCCESS\" > \"${SCRIPT_OUTPUT_FILE_0}\"\n";
			showEnvVarsInLog = 0;
		};
/* End PBXShellScriptBuildPhase section */

/* Begin PBXSourcesBuildPhase section */
		BA21315C2559419D0001ADC8 /* Sources */ = {
			isa = PBXSourcesBuildPhase;
			buildActionMask = 2147483647;
			files = (
				BA2131682559419D0001ADC8 /* ViewController.swift in Sources */,
				BA2131642559419D0001ADC8 /* AppDelegate.swift in Sources */,
				BA2131662559419D0001ADC8 /* SceneDelegate.swift in Sources */,
			);
			runOnlyForDeploymentPostprocessing = 0;
		};
		BA2131722559419F0001ADC8 /* Sources */ = {
			isa = PBXSourcesBuildPhase;
			buildActionMask = 2147483647;
			files = (
				BA21317B2559419F0001ADC8 /* SamplesTests.swift in Sources */,
				BA21329125594E760001ADC8 /* NDMVVMTests.mm in Sources */,
				BA21329225594E760001ADC8 /* NDMutableListViewModelHelperTests.mm in Sources */,
			);
			runOnlyForDeploymentPostprocessing = 0;
		};
		BA21317D2559419F0001ADC8 /* Sources */ = {
			isa = PBXSourcesBuildPhase;
			buildActionMask = 2147483647;
			files = (
				BA2131862559419F0001ADC8 /* SamplesUITests.swift in Sources */,
			);
			runOnlyForDeploymentPostprocessing = 0;
		};
/* End PBXSourcesBuildPhase section */

/* Begin PBXTargetDependency section */
		BA2131782559419F0001ADC8 /* PBXTargetDependency */ = {
			isa = PBXTargetDependency;
			target = BA21315F2559419D0001ADC8 /* Samples */;
			targetProxy = BA2131772559419F0001ADC8 /* PBXContainerItemProxy */;
		};
		BA2131832559419F0001ADC8 /* PBXTargetDependency */ = {
			isa = PBXTargetDependency;
			target = BA21315F2559419D0001ADC8 /* Samples */;
			targetProxy = BA2131822559419F0001ADC8 /* PBXContainerItemProxy */;
		};
/* End PBXTargetDependency section */

/* Begin PBXVariantGroup section */
		BA2131692559419D0001ADC8 /* Main.storyboard */ = {
			isa = PBXVariantGroup;
			children = (
				BA21316A2559419D0001ADC8 /* Base */,
			);
			name = Main.storyboard;
			sourceTree = "<group>";
		};
		BA21316E2559419F0001ADC8 /* LaunchScreen.storyboard */ = {
			isa = PBXVariantGroup;
			children = (
				BA21316F2559419F0001ADC8 /* Base */,
			);
			name = LaunchScreen.storyboard;
			sourceTree = "<group>";
		};
/* End PBXVariantGroup section */

/* Begin XCBuildConfiguration section */
		BA2131882559419F0001ADC8 /* Debug */ = {
			isa = XCBuildConfiguration;
			buildSettings = {
				ALWAYS_SEARCH_USER_PATHS = NO;
				CLANG_ANALYZER_NONNULL = YES;
				CLANG_ANALYZER_NUMBER_OBJECT_CONVERSION = YES_AGGRESSIVE;
				CLANG_CXX_LANGUAGE_STANDARD = "gnu++14";
				CLANG_CXX_LIBRARY = "libc++";
				CLANG_ENABLE_MODULES = YES;
				CLANG_ENABLE_OBJC_ARC = YES;
				CLANG_ENABLE_OBJC_WEAK = YES;
				CLANG_WARN_BLOCK_CAPTURE_AUTORELEASING = YES;
				CLANG_WARN_BOOL_CONVERSION = YES;
				CLANG_WARN_COMMA = YES;
				CLANG_WARN_CONSTANT_CONVERSION = YES;
				CLANG_WARN_DEPRECATED_OBJC_IMPLEMENTATIONS = YES;
				CLANG_WARN_DIRECT_OBJC_ISA_USAGE = YES_ERROR;
				CLANG_WARN_DOCUMENTATION_COMMENTS = YES;
				CLANG_WARN_EMPTY_BODY = YES;
				CLANG_WARN_ENUM_CONVERSION = YES;
				CLANG_WARN_INFINITE_RECURSION = YES;
				CLANG_WARN_INT_CONVERSION = YES;
				CLANG_WARN_NON_LITERAL_NULL_CONVERSION = YES;
				CLANG_WARN_OBJC_IMPLICIT_RETAIN_SELF = YES;
				CLANG_WARN_OBJC_LITERAL_CONVERSION = YES;
				CLANG_WARN_OBJC_ROOT_CLASS = YES_ERROR;
				CLANG_WARN_QUOTED_INCLUDE_IN_FRAMEWORK_HEADER = YES;
				CLANG_WARN_RANGE_LOOP_ANALYSIS = YES;
				CLANG_WARN_STRICT_PROTOTYPES = YES;
				CLANG_WARN_SUSPICIOUS_MOVE = YES;
				CLANG_WARN_UNGUARDED_AVAILABILITY = YES_AGGRESSIVE;
				CLANG_WARN_UNREACHABLE_CODE = YES;
				CLANG_WARN__DUPLICATE_METHOD_MATCH = YES;
				COPY_PHASE_STRIP = NO;
				DEBUG_INFORMATION_FORMAT = dwarf;
				ENABLE_STRICT_OBJC_MSGSEND = YES;
				ENABLE_TESTABILITY = YES;
				GCC_C_LANGUAGE_STANDARD = gnu11;
				GCC_DYNAMIC_NO_PIC = NO;
				GCC_NO_COMMON_BLOCKS = YES;
				GCC_OPTIMIZATION_LEVEL = 0;
				GCC_PREPROCESSOR_DEFINITIONS = (
					"DEBUG=1",
					"$(inherited)",
				);
				GCC_WARN_64_TO_32_BIT_CONVERSION = YES;
				GCC_WARN_ABOUT_RETURN_TYPE = YES_ERROR;
				GCC_WARN_UNDECLARED_SELECTOR = YES;
				GCC_WARN_UNINITIALIZED_AUTOS = YES_AGGRESSIVE;
				GCC_WARN_UNUSED_FUNCTION = YES;
				GCC_WARN_UNUSED_VARIABLE = YES;
				IPHONEOS_DEPLOYMENT_TARGET = 14.1;
				MTL_ENABLE_DEBUG_INFO = INCLUDE_SOURCE;
				MTL_FAST_MATH = YES;
				ONLY_ACTIVE_ARCH = YES;
				SDKROOT = iphoneos;
				SWIFT_ACTIVE_COMPILATION_CONDITIONS = DEBUG;
				SWIFT_OPTIMIZATION_LEVEL = "-Onone";
			};
			name = Debug;
		};
		BA2131892559419F0001ADC8 /* Release */ = {
			isa = XCBuildConfiguration;
			buildSettings = {
				ALWAYS_SEARCH_USER_PATHS = NO;
				CLANG_ANALYZER_NONNULL = YES;
				CLANG_ANALYZER_NUMBER_OBJECT_CONVERSION = YES_AGGRESSIVE;
				CLANG_CXX_LANGUAGE_STANDARD = "gnu++14";
				CLANG_CXX_LIBRARY = "libc++";
				CLANG_ENABLE_MODULES = YES;
				CLANG_ENABLE_OBJC_ARC = YES;
				CLANG_ENABLE_OBJC_WEAK = YES;
				CLANG_WARN_BLOCK_CAPTURE_AUTORELEASING = YES;
				CLANG_WARN_BOOL_CONVERSION = YES;
				CLANG_WARN_COMMA = YES;
				CLANG_WARN_CONSTANT_CONVERSION = YES;
				CLANG_WARN_DEPRECATED_OBJC_IMPLEMENTATIONS = YES;
				CLANG_WARN_DIRECT_OBJC_ISA_USAGE = YES_ERROR;
				CLANG_WARN_DOCUMENTATION_COMMENTS = YES;
				CLANG_WARN_EMPTY_BODY = YES;
				CLANG_WARN_ENUM_CONVERSION = YES;
				CLANG_WARN_INFINITE_RECURSION = YES;
				CLANG_WARN_INT_CONVERSION = YES;
				CLANG_WARN_NON_LITERAL_NULL_CONVERSION = YES;
				CLANG_WARN_OBJC_IMPLICIT_RETAIN_SELF = YES;
				CLANG_WARN_OBJC_LITERAL_CONVERSION = YES;
				CLANG_WARN_OBJC_ROOT_CLASS = YES_ERROR;
				CLANG_WARN_QUOTED_INCLUDE_IN_FRAMEWORK_HEADER = YES;
				CLANG_WARN_RANGE_LOOP_ANALYSIS = YES;
				CLANG_WARN_STRICT_PROTOTYPES = YES;
				CLANG_WARN_SUSPICIOUS_MOVE = YES;
				CLANG_WARN_UNGUARDED_AVAILABILITY = YES_AGGRESSIVE;
				CLANG_WARN_UNREACHABLE_CODE = YES;
				CLANG_WARN__DUPLICATE_METHOD_MATCH = YES;
				COPY_PHASE_STRIP = NO;
				DEBUG_INFORMATION_FORMAT = "dwarf-with-dsym";
				ENABLE_NS_ASSERTIONS = NO;
				ENABLE_STRICT_OBJC_MSGSEND = YES;
				GCC_C_LANGUAGE_STANDARD = gnu11;
				GCC_NO_COMMON_BLOCKS = YES;
				GCC_WARN_64_TO_32_BIT_CONVERSION = YES;
				GCC_WARN_ABOUT_RETURN_TYPE = YES_ERROR;
				GCC_WARN_UNDECLARED_SELECTOR = YES;
				GCC_WARN_UNINITIALIZED_AUTOS = YES_AGGRESSIVE;
				GCC_WARN_UNUSED_FUNCTION = YES;
				GCC_WARN_UNUSED_VARIABLE = YES;
				IPHONEOS_DEPLOYMENT_TARGET = 14.1;
				MTL_ENABLE_DEBUG_INFO = NO;
				MTL_FAST_MATH = YES;
				SDKROOT = iphoneos;
				SWIFT_COMPILATION_MODE = wholemodule;
				SWIFT_OPTIMIZATION_LEVEL = "-O";
				VALIDATE_PRODUCT = YES;
			};
			name = Release;
		};
		BA21318B2559419F0001ADC8 /* Debug */ = {
			isa = XCBuildConfiguration;
			baseConfigurationReference = 2F485D238C8A3FB5144F0242 /* Pods-Samples.debug.xcconfig */;
			buildSettings = {
				ASSETCATALOG_COMPILER_APPICON_NAME = AppIcon;
				ASSETCATALOG_COMPILER_GLOBAL_ACCENT_COLOR_NAME = AccentColor;
				CODE_SIGN_STYLE = Automatic;
				DEVELOPMENT_TEAM = 6UKD7V9S9N;
				INFOPLIST_FILE = Samples/Info.plist;
				LD_RUNPATH_SEARCH_PATHS = (
					"$(inherited)",
					"@executable_path/Frameworks",
				);
				PRODUCT_BUNDLE_IDENTIFIER = com.neodata.NDMVVM.Samples;
				PRODUCT_NAME = "$(TARGET_NAME)";
				SWIFT_VERSION = 5.0;
				TARGETED_DEVICE_FAMILY = "1,2";
			};
			name = Debug;
		};
		BA21318C2559419F0001ADC8 /* Release */ = {
			isa = XCBuildConfiguration;
			baseConfigurationReference = CF68693D96002EF4B4A69E85 /* Pods-Samples.release.xcconfig */;
			buildSettings = {
				ASSETCATALOG_COMPILER_APPICON_NAME = AppIcon;
				ASSETCATALOG_COMPILER_GLOBAL_ACCENT_COLOR_NAME = AccentColor;
				CODE_SIGN_STYLE = Automatic;
				DEVELOPMENT_TEAM = 6UKD7V9S9N;
				INFOPLIST_FILE = Samples/Info.plist;
				LD_RUNPATH_SEARCH_PATHS = (
					"$(inherited)",
					"@executable_path/Frameworks",
				);
				PRODUCT_BUNDLE_IDENTIFIER = com.neodata.NDMVVM.Samples;
				PRODUCT_NAME = "$(TARGET_NAME)";
				SWIFT_VERSION = 5.0;
				TARGETED_DEVICE_FAMILY = "1,2";
			};
			name = Release;
		};
		BA21318E2559419F0001ADC8 /* Debug */ = {
			isa = XCBuildConfiguration;
			baseConfigurationReference = 8C6E85DA0BF3CD3074F55437 /* Pods-SamplesTests.debug.xcconfig */;
			buildSettings = {
				ALWAYS_EMBED_SWIFT_STANDARD_LIBRARIES = YES;
				BUNDLE_LOADER = "$(TEST_HOST)";
				CLANG_ENABLE_MODULES = YES;
				CODE_SIGN_STYLE = Automatic;
				DEVELOPMENT_TEAM = 6UKD7V9S9N;
				INFOPLIST_FILE = SamplesTests/Info.plist;
				IPHONEOS_DEPLOYMENT_TARGET = 14.1;
				LD_RUNPATH_SEARCH_PATHS = (
					"$(inherited)",
					"@executable_path/Frameworks",
					"@loader_path/Frameworks",
				);
				PRODUCT_BUNDLE_IDENTIFIER = com.neodata.NDMVVM.SamplesTests;
				PRODUCT_NAME = "$(TARGET_NAME)";
				SWIFT_OBJC_BRIDGING_HEADER = "SamplesTests/SamplesTests-Bridging-Header.h";
				SWIFT_OPTIMIZATION_LEVEL = "-Onone";
				SWIFT_VERSION = 5.0;
				TARGETED_DEVICE_FAMILY = "1,2";
				TEST_HOST = "$(BUILT_PRODUCTS_DIR)/Samples.app/Samples";
			};
			name = Debug;
		};
		BA21318F2559419F0001ADC8 /* Release */ = {
			isa = XCBuildConfiguration;
			baseConfigurationReference = B1AAD35F8B89EAB6530DDBB3 /* Pods-SamplesTests.release.xcconfig */;
			buildSettings = {
				ALWAYS_EMBED_SWIFT_STANDARD_LIBRARIES = YES;
				BUNDLE_LOADER = "$(TEST_HOST)";
				CLANG_ENABLE_MODULES = YES;
				CODE_SIGN_STYLE = Automatic;
				DEVELOPMENT_TEAM = 6UKD7V9S9N;
				INFOPLIST_FILE = SamplesTests/Info.plist;
				IPHONEOS_DEPLOYMENT_TARGET = 14.1;
				LD_RUNPATH_SEARCH_PATHS = (
					"$(inherited)",
					"@executable_path/Frameworks",
					"@loader_path/Frameworks",
				);
				PRODUCT_BUNDLE_IDENTIFIER = com.neodata.NDMVVM.SamplesTests;
				PRODUCT_NAME = "$(TARGET_NAME)";
				SWIFT_OBJC_BRIDGING_HEADER = "SamplesTests/SamplesTests-Bridging-Header.h";
				SWIFT_VERSION = 5.0;
				TARGETED_DEVICE_FAMILY = "1,2";
				TEST_HOST = "$(BUILT_PRODUCTS_DIR)/Samples.app/Samples";
			};
			name = Release;
		};
		BA2131912559419F0001ADC8 /* Debug */ = {
			isa = XCBuildConfiguration;
			baseConfigurationReference = 656B1C09796FFA400C3A4DFB /* Pods-Samples-SamplesUITests.debug.xcconfig */;
			buildSettings = {
				ALWAYS_EMBED_SWIFT_STANDARD_LIBRARIES = YES;
				CODE_SIGN_STYLE = Automatic;
				DEVELOPMENT_TEAM = 6UKD7V9S9N;
				INFOPLIST_FILE = SamplesUITests/Info.plist;
				LD_RUNPATH_SEARCH_PATHS = (
					"$(inherited)",
					"@executable_path/Frameworks",
					"@loader_path/Frameworks",
				);
				PRODUCT_BUNDLE_IDENTIFIER = com.neodata.NDMVVM.SamplesUITests;
				PRODUCT_NAME = "$(TARGET_NAME)";
				SWIFT_VERSION = 5.0;
				TARGETED_DEVICE_FAMILY = "1,2";
				TEST_TARGET_NAME = Samples;
			};
			name = Debug;
		};
		BA2131922559419F0001ADC8 /* Release */ = {
			isa = XCBuildConfiguration;
			baseConfigurationReference = ABAF7C007F46141E9FBE6D06 /* Pods-Samples-SamplesUITests.release.xcconfig */;
			buildSettings = {
				ALWAYS_EMBED_SWIFT_STANDARD_LIBRARIES = YES;
				CODE_SIGN_STYLE = Automatic;
				DEVELOPMENT_TEAM = 6UKD7V9S9N;
				INFOPLIST_FILE = SamplesUITests/Info.plist;
				LD_RUNPATH_SEARCH_PATHS = (
					"$(inherited)",
					"@executable_path/Frameworks",
					"@loader_path/Frameworks",
				);
				PRODUCT_BUNDLE_IDENTIFIER = com.neodata.NDMVVM.SamplesUITests;
				PRODUCT_NAME = "$(TARGET_NAME)";
				SWIFT_VERSION = 5.0;
				TARGETED_DEVICE_FAMILY = "1,2";
				TEST_TARGET_NAME = Samples;
			};
			name = Release;
		};
/* End XCBuildConfiguration section */

/* Begin XCConfigurationList section */
		BA21315B2559419D0001ADC8 /* Build configuration list for PBXProject "Samples" */ = {
			isa = XCConfigurationList;
			buildConfigurations = (
				BA2131882559419F0001ADC8 /* Debug */,
				BA2131892559419F0001ADC8 /* Release */,
			);
			defaultConfigurationIsVisible = 0;
			defaultConfigurationName = Release;
		};
		BA21318A2559419F0001ADC8 /* Build configuration list for PBXNativeTarget "Samples" */ = {
			isa = XCConfigurationList;
			buildConfigurations = (
				BA21318B2559419F0001ADC8 /* Debug */,
				BA21318C2559419F0001ADC8 /* Release */,
			);
			defaultConfigurationIsVisible = 0;
			defaultConfigurationName = Release;
		};
		BA21318D2559419F0001ADC8 /* Build configuration list for PBXNativeTarget "SamplesTests" */ = {
			isa = XCConfigurationList;
			buildConfigurations = (
				BA21318E2559419F0001ADC8 /* Debug */,
				BA21318F2559419F0001ADC8 /* Release */,
			);
			defaultConfigurationIsVisible = 0;
			defaultConfigurationName = Release;
		};
		BA2131902559419F0001ADC8 /* Build configuration list for PBXNativeTarget "SamplesUITests" */ = {
			isa = XCConfigurationList;
			buildConfigurations = (
				BA2131912559419F0001ADC8 /* Debug */,
				BA2131922559419F0001ADC8 /* Release */,
			);
			defaultConfigurationIsVisible = 0;
			defaultConfigurationName = Release;
		};
/* End XCConfigurationList section */
	};
	rootObject = BA2131582559419D0001ADC8 /* Project object */;
}
